{
    "name": "accessibility-alt-text-bot",
    "version": "1.0.0",
    "lockfileVersion": 2,
    "requires": true,
    "packages": {
        "": {
            "name": "accessibility-alt-text-bot",
            "version": "1.0.0",
            "license": "ISC",
            "devDependencies": {}
        }
    }
}
